
Microsoft Visual Studio Solution File, Format Version 12.00
# Visual Studio Version 17
VisualStudioVersion = 17.13.35806.99 d17.13
MinimumVisualStudioVersion = 10.0.40219.1
Project("{54A90642-561A-4BB1-A94E-469ADEE60C69}") = "spazastock.client", "spazastock.client\spazastock.client.esproj", "{48294B2A-E4A4-03A3-B360-C69C40582C47}"
EndProject
Project("{FAE04EC0-301F-11D3-BF4B-00C04F79EFBC}") = "SpazaStock.Server", "SpazaStock.Server\SpazaStock.Server.csproj", "{A17FE331-DA60-4793-8E7C-293533F51377}"
EndProject
Global
	GlobalSection(SolutionConfigurationPlatforms) = preSolution
		Debug|Any CPU = Debug|Any CPU
		Release|Any CPU = Release|Any CPU
	EndGlobalSection
	GlobalSection(ProjectConfigurationPlatforms) = postSolution
		{48294B2A-E4A4-03A3-B360-C69C40582C47}.Debug|Any CPU.ActiveCfg = Debug|Any CPU
		{48294B2A-E4A4-03A3-B360-C69C40582C47}.Debug|Any CPU.Build.0 = Debug|Any CPU
		{48294B2A-E4A4-03A3-B360-C69C40582C47}.Debug|Any CPU.Deploy.0 = Debug|Any CPU
		{48294B2A-E4A4-03A3-B360-C69C40582C47}.Release|Any CPU.ActiveCfg = Release|Any CPU
		{48294B2A-E4A4-03A3-B360-C69C40582C47}.Release|Any CPU.Build.0 = Release|Any CPU
		{48294B2A-E4A4-03A3-B360-C69C40582C47}.Release|Any CPU.Deploy.0 = Release|Any CPU
		{A17FE331-DA60-4793-8E7C-293533F51377}.Debug|Any CPU.ActiveCfg = Debug|Any CPU
		{A17FE331-DA60-4793-8E7C-293533F51377}.Debug|Any CPU.Build.0 = Debug|Any CPU
		{A17FE331-DA60-4793-8E7C-293533F51377}.Release|Any CPU.ActiveCfg = Release|Any CPU
		{A17FE331-DA60-4793-8E7C-293533F51377}.Release|Any CPU.Build.0 = Release|Any CPU
	EndGlobalSection
	GlobalSection(SolutionProperties) = preSolution
		HideSolutionNode = FALSE
	EndGlobalSection
	GlobalSection(ExtensibilityGlobals) = postSolution
		SolutionGuid = {14891985-CBBE-4B44-9DC8-7B615A16AEAC}
	EndGlobalSection
EndGlobal
